PODS:
  - MBCBase (1.3.1):
    - MBCExtension
    - MBCHelper
    - SnapKit
    - Then
  - MBCExtension (1.0.1):
    - MBCExtension/Core (= 1.0.1)
  - MBCExtension/Core (1.0.1):
    - MBCLog
    - RxCocoa
  - MBCHelper (1.0.0):
    - MBCExtension
    - MBCHelper/Location (= 1.0.0)
    - MBCHelper/PinYin (= 1.0.0)
    - MBCHelper/Sound (= 1.0.0)
    - MBCHelper/Tools (= 1.0.0)
  - MBCHelper/Location (1.0.0):
    - MBCExtension
  - MBCHelper/PinYin (1.0.0):
    - MBCExtension
    - MBCHelper/Tools
  - MBCHelper/Sound (1.0.0):
    - MBCExtension
    - MBCHelper/Tools
  - MBCHelper/Tools (1.0.0):
    - MBCExtension
  - MBCLog (1.0.1)
  - RaRouter (1.4.0)
  - RxCocoa (5.1.1):
    - RxRelay (~> 5)
    - RxSwift (~> 5)
  - RxRelay (5.1.1):
    - RxSwift (~> 5)
  - RxSwift (5.1.1)
  - SnapKit (5.0.1)
  - Then (2.7.0)

DEPENDENCIES:
  - MBCBase
  - MBCExtension
  - MBCHelper
  - RaRouter

SPEC REPOS:
  https://git.pettyb.com/iOSBasic/Space.git:
    - MBCBase
    - MBCExtension
    - MBCHelper
    - MBCLog
  trunk:
    - RaRouter
    - RxCocoa
    - RxRelay
    - RxSwift
    - SnapKit
    - Then

SPEC CHECKSUMS:
  MBCBase: 840830ab27affb9b137dbca5ff3f255c06de0e1c
  MBCExtension: d115ff62304cce583848025bca5bbc7e851efe63
  MBCHelper: 726b506f82197bf220816c30e34a03395879503c
  MBCLog: d80bd106a6130aec0b82fd5e471d537471d18d30
  RaRouter: b89a5f296d72c0af45fe832639e4a989e65cdc45
  RxCocoa: 32065309a38d29b5b0db858819b5bf9ef038b601
  RxRelay: d77f7d771495f43c556cbc43eebd1bb54d01e8e9
  RxSwift: 81470a2074fa8780320ea5fe4102807cb7118178
  SnapKit: 97b92857e3df3a0c71833cce143274bf6ef8e5eb
  Then: acfe0be7e98221c6204e12f8161459606d5d822d

PODFILE CHECKSUM: a8b71b98d59e41aa94fa9d2cfc496867d6f01e02

COCOAPODS: 1.9.3
