// !$*UTF8*$!
{
	archiveVersion = 1;
	classes = {
	};
	objectVersion = 50;
	objects = {

/* Begin PBXBuildFile section */
		3A6B240C24FF2BA30089367D /* README.md in Resources */ = {isa = PBXBuildFile; fileRef = 3A6B240A24FF2BA30089367D /* README.md */; };
		3A6B240D24FF2BA30089367D /* README_CN.md in Resources */ = {isa = PBXBuildFile; fileRef = 3A6B240B24FF2BA30089367D /* README_CN.md */; };
		3AE8830924FE3A0600A862BE /* AppDelegate.swift in Sources */ = {isa = PBXBuildFile; fileRef = 3AE8830824FE3A0600A862BE /* AppDelegate.swift */; };
		3AE8830D24FE3A0600A862BE /* ViewController.swift in Sources */ = {isa = PBXBuildFile; fileRef = 3AE8830C24FE3A0600A862BE /* ViewController.swift */; };
		3AE8831024FE3A0600A862BE /* Main.storyboard in Resources */ = {isa = PBXBuildFile; fileRef = 3AE8830E24FE3A0600A862BE /* Main.storyboard */; };
		3AE8831224FE3A0B00A862BE /* Assets.xcassets in Resources */ = {isa = PBXBuildFile; fileRef = 3AE8831124FE3A0B00A862BE /* Assets.xcassets */; };
		3AE8831524FE3A0B00A862BE /* LaunchScreen.storyboard in Resources */ = {isa = PBXBuildFile; fileRef = 3AE8831324FE3A0B00A862BE /* LaunchScreen.storyboard */; };
		3AE8832024FE3A0B00A862BE /* RaLogTests.swift in Sources */ = {isa = PBXBuildFile; fileRef = 3AE8831F24FE3A0B00A862BE /* RaLogTests.swift */; };
		3AE8833324FE3A8300A862BE /* Log.swift in Sources */ = {isa = PBXBuildFile; fileRef = 3AE8832E24FE3A8200A862BE /* Log.swift */; };
		3AE8833424FE3A8300A862BE /* Built-in.swift in Sources */ = {isa = PBXBuildFile; fileRef = 3AE8832F24FE3A8200A862BE /* Built-in.swift */; };
		3AE8833524FE3A8300A862BE /* Storable.swift in Sources */ = {isa = PBXBuildFile; fileRef = 3AE8833024FE3A8200A862BE /* Storable.swift */; };
		3AE8833624FE3A8300A862BE /* Printable.swift in Sources */ = {isa = PBXBuildFile; fileRef = 3AE8833124FE3A8200A862BE /* Printable.swift */; };
		3AE8833724FE3A8300A862BE /* Filterable.swift in Sources */ = {isa = PBXBuildFile; fileRef = 3AE8833224FE3A8300A862BE /* Filterable.swift */; };
		3AE8833E24FE3BD800A862BE /* RaLog.podspec in Resources */ = {isa = PBXBuildFile; fileRef = 3AE8833C24FE3BD800A862BE /* RaLog.podspec */; };
		3AE8833F24FE3BD800A862BE /* push.sh in Resources */ = {isa = PBXBuildFile; fileRef = 3AE8833D24FE3BD800A862BE /* push.sh */; };
/* End PBXBuildFile section */

/* Begin PBXContainerItemProxy section */
		3AE8831C24FE3A0B00A862BE /* PBXContainerItemProxy */ = {
			isa = PBXContainerItemProxy;
			containerPortal = 3AE882FD24FE3A0600A862BE /* Project object */;
			proxyType = 1;
			remoteGlobalIDString = 3AE8830424FE3A0600A862BE;
			remoteInfo = RaLog;
		};
/* End PBXContainerItemProxy section */

/* Begin PBXFileReference section */
		3A6B240A24FF2BA30089367D /* README.md */ = {isa = PBXFileReference; fileEncoding = 4; lastKnownFileType = net.daringfireball.markdown; name = README.md; path = ../../README.md; sourceTree = "<group>"; };
		3A6B240B24FF2BA30089367D /* README_CN.md */ = {isa = PBXFileReference; fileEncoding = 4; lastKnownFileType = net.daringfireball.markdown; name = README_CN.md; path = ../../README_CN.md; sourceTree = "<group>"; };
		3AE8830524FE3A0600A862BE /* RaLog.app */ = {isa = PBXFileReference; explicitFileType = wrapper.application; includeInIndex = 0; path = RaLog.app; sourceTree = BUILT_PRODUCTS_DIR; };
		3AE8830824FE3A0600A862BE /* AppDelegate.swift */ = {isa = PBXFileReference; lastKnownFileType = sourcecode.swift; path = AppDelegate.swift; sourceTree = "<group>"; };
		3AE8830C24FE3A0600A862BE /* ViewController.swift */ = {isa = PBXFileReference; lastKnownFileType = sourcecode.swift; path = ViewController.swift; sourceTree = "<group>"; };
		3AE8830F24FE3A0600A862BE /* Base */ = {isa = PBXFileReference; lastKnownFileType = file.storyboard; name = Base; path = Base.lproj/Main.storyboard; sourceTree = "<group>"; };
		3AE8831124FE3A0B00A862BE /* Assets.xcassets */ = {isa = PBXFileReference; lastKnownFileType = folder.assetcatalog; path = Assets.xcassets; sourceTree = "<group>"; };
		3AE8831424FE3A0B00A862BE /* Base */ = {isa = PBXFileReference; lastKnownFileType = file.storyboard; name = Base; path = Base.lproj/LaunchScreen.storyboard; sourceTree = "<group>"; };
		3AE8831624FE3A0B00A862BE /* Info.plist */ = {isa = PBXFileReference; lastKnownFileType = text.plist.xml; path = Info.plist; sourceTree = "<group>"; };
		3AE8831B24FE3A0B00A862BE /* RaLogTests.xctest */ = {isa = PBXFileReference; explicitFileType = wrapper.cfbundle; includeInIndex = 0; path = RaLogTests.xctest; sourceTree = BUILT_PRODUCTS_DIR; };
		3AE8831F24FE3A0B00A862BE /* RaLogTests.swift */ = {isa = PBXFileReference; lastKnownFileType = sourcecode.swift; path = RaLogTests.swift; sourceTree = "<group>"; };
		3AE8832124FE3A0B00A862BE /* Info.plist */ = {isa = PBXFileReference; lastKnownFileType = text.plist.xml; path = Info.plist; sourceTree = "<group>"; };
		3AE8832E24FE3A8200A862BE /* Log.swift */ = {isa = PBXFileReference; fileEncoding = 4; lastKnownFileType = sourcecode.swift; path = Log.swift; sourceTree = "<group>"; };
		3AE8832F24FE3A8200A862BE /* Built-in.swift */ = {isa = PBXFileReference; fileEncoding = 4; lastKnownFileType = sourcecode.swift; path = "Built-in.swift"; sourceTree = "<group>"; };
		3AE8833024FE3A8200A862BE /* Storable.swift */ = {isa = PBXFileReference; fileEncoding = 4; lastKnownFileType = sourcecode.swift; path = Storable.swift; sourceTree = "<group>"; };
		3AE8833124FE3A8200A862BE /* Printable.swift */ = {isa = PBXFileReference; fileEncoding = 4; lastKnownFileType = sourcecode.swift; path = Printable.swift; sourceTree = "<group>"; };
		3AE8833224FE3A8300A862BE /* Filterable.swift */ = {isa = PBXFileReference; fileEncoding = 4; lastKnownFileType = sourcecode.swift; path = Filterable.swift; sourceTree = "<group>"; };
		3AE8833C24FE3BD800A862BE /* RaLog.podspec */ = {isa = PBXFileReference; explicitFileType = text.script.ruby; path = RaLog.podspec; sourceTree = SOURCE_ROOT; };
		3AE8833D24FE3BD800A862BE /* push.sh */ = {isa = PBXFileReference; fileEncoding = 4; lastKnownFileType = text.script.sh; path = push.sh; sourceTree = SOURCE_ROOT; };
/* End PBXFileReference section */

/* Begin PBXFrameworksBuildPhase section */
		3AE8830224FE3A0600A862BE /* Frameworks */ = {
			isa = PBXFrameworksBuildPhase;
			buildActionMask = 2147483647;
			files = (
			);
			runOnlyForDeploymentPostprocessing = 0;
		};
		3AE8831824FE3A0B00A862BE /* Frameworks */ = {
			isa = PBXFrameworksBuildPhase;
			buildActionMask = 2147483647;
			files = (
			);
			runOnlyForDeploymentPostprocessing = 0;
		};
/* End PBXFrameworksBuildPhase section */

/* Begin PBXGroup section */
		3AE882FC24FE3A0600A862BE = {
			isa = PBXGroup;
			children = (
				3AE8830724FE3A0600A862BE /* RaLog */,
				3AE8831E24FE3A0B00A862BE /* RaLogTests */,
				3AE8830624FE3A0600A862BE /* Products */,
			);
			sourceTree = "<group>";
		};
		3AE8830624FE3A0600A862BE /* Products */ = {
			isa = PBXGroup;
			children = (
				3AE8830524FE3A0600A862BE /* RaLog.app */,
				3AE8831B24FE3A0B00A862BE /* RaLogTests.xctest */,
			);
			name = Products;
			sourceTree = "<group>";
		};
		3AE8830724FE3A0600A862BE /* RaLog */ = {
			isa = PBXGroup;
			children = (
				3A6B240A24FF2BA30089367D /* README.md */,
				3A6B240B24FF2BA30089367D /* README_CN.md */,
				3AE8833D24FE3BD800A862BE /* push.sh */,
				3AE8833C24FE3BD800A862BE /* RaLog.podspec */,
				3AE8832A24FE3A1900A862BE /* Core */,
				3AE8832B24FE3A2A00A862BE /* Other */,
			);
			path = RaLog;
			sourceTree = "<group>";
		};
		3AE8831E24FE3A0B00A862BE /* RaLogTests */ = {
			isa = PBXGroup;
			children = (
				3AE8831F24FE3A0B00A862BE /* RaLogTests.swift */,
				3AE8832124FE3A0B00A862BE /* Info.plist */,
			);
			path = RaLogTests;
			sourceTree = "<group>";
		};
		3AE8832A24FE3A1900A862BE /* Core */ = {
			isa = PBXGroup;
			children = (
				3AE8833124FE3A8200A862BE /* Printable.swift */,
				3AE8833224FE3A8300A862BE /* Filterable.swift */,
				3AE8833024FE3A8200A862BE /* Storable.swift */,
				3AE8832E24FE3A8200A862BE /* Log.swift */,
				3AE8832F24FE3A8200A862BE /* Built-in.swift */,
			);
			path = Core;
			sourceTree = "<group>";
		};
		3AE8832B24FE3A2A00A862BE /* Other */ = {
			isa = PBXGroup;
			children = (
				3AE8830824FE3A0600A862BE /* AppDelegate.swift */,
				3AE8830C24FE3A0600A862BE /* ViewController.swift */,
				3AE8830E24FE3A0600A862BE /* Main.storyboard */,
				3AE8831124FE3A0B00A862BE /* Assets.xcassets */,
				3AE8831324FE3A0B00A862BE /* LaunchScreen.storyboard */,
				3AE8831624FE3A0B00A862BE /* Info.plist */,
			);
			path = Other;
			sourceTree = "<group>";
		};
/* End PBXGroup section */

/* Begin PBXNativeTarget section */
		3AE8830424FE3A0600A862BE /* RaLog */ = {
			isa = PBXNativeTarget;
			buildConfigurationList = 3AE8832424FE3A0B00A862BE /* Build configuration list for PBXNativeTarget "RaLog" */;
			buildPhases = (
				3AE8830124FE3A0600A862BE /* Sources */,
				3AE8830224FE3A0600A862BE /* Frameworks */,
				3AE8830324FE3A0600A862BE /* Resources */,
			);
			buildRules = (
			);
			dependencies = (
			);
			name = RaLog;
			productName = RaLog;
			productReference = 3AE8830524FE3A0600A862BE /* RaLog.app */;
			productType = "com.apple.product-type.application";
		};
		3AE8831A24FE3A0B00A862BE /* RaLogTests */ = {
			isa = PBXNativeTarget;
			buildConfigurationList = 3AE8832724FE3A0B00A862BE /* Build configuration list for PBXNativeTarget "RaLogTests" */;
			buildPhases = (
				3AE8831724FE3A0B00A862BE /* Sources */,
				3AE8831824FE3A0B00A862BE /* Frameworks */,
				3AE8831924FE3A0B00A862BE /* Resources */,
			);
			buildRules = (
			);
			dependencies = (
				3AE8831D24FE3A0B00A862BE /* PBXTargetDependency */,
			);
			name = RaLogTests;
			productName = RaLogTests;
			productReference = 3AE8831B24FE3A0B00A862BE /* RaLogTests.xctest */;
			productType = "com.apple.product-type.bundle.unit-test";
		};
/* End PBXNativeTarget section */

/* Begin PBXProject section */
		3AE882FD24FE3A0600A862BE /* Project object */ = {
			isa = PBXProject;
			attributes = {
				LastSwiftUpdateCheck = 1160;
				LastUpgradeCheck = 1160;
				ORGANIZATIONNAME = Rakuyo;
				TargetAttributes = {
					3AE8830424FE3A0600A862BE = {
						CreatedOnToolsVersion = 11.6;
					};
					3AE8831A24FE3A0B00A862BE = {
						CreatedOnToolsVersion = 11.6;
						TestTargetID = 3AE8830424FE3A0600A862BE;
					};
				};
			};
			buildConfigurationList = 3AE8830024FE3A0600A862BE /* Build configuration list for PBXProject "RaLog" */;
			compatibilityVersion = "Xcode 9.3";
			developmentRegion = en;
			hasScannedForEncodings = 0;
			knownRegions = (
				en,
				Base,
			);
			mainGroup = 3AE882FC24FE3A0600A862BE;
			productRefGroup = 3AE8830624FE3A0600A862BE /* Products */;
			projectDirPath = "";
			projectRoot = "";
			targets = (
				3AE8830424FE3A0600A862BE /* RaLog */,
				3AE8831A24FE3A0B00A862BE /* RaLogTests */,
			);
		};
/* End PBXProject section */

/* Begin PBXResourcesBuildPhase section */
		3AE8830324FE3A0600A862BE /* Resources */ = {
			isa = PBXResourcesBuildPhase;
			buildActionMask = 2147483647;
			files = (
				3A6B240C24FF2BA30089367D /* README.md in Resources */,
				3A6B240D24FF2BA30089367D /* README_CN.md in Resources */,
				3AE8831524FE3A0B00A862BE /* LaunchScreen.storyboard in Resources */,
				3AE8831224FE3A0B00A862BE /* Assets.xcassets in Resources */,
				3AE8833E24FE3BD800A862BE /* RaLog.podspec in Resources */,
				3AE8833F24FE3BD800A862BE /* push.sh in Resources */,
				3AE8831024FE3A0600A862BE /* Main.storyboard in Resources */,
			);
			runOnlyForDeploymentPostprocessing = 0;
		};
		3AE8831924FE3A0B00A862BE /* Resources */ = {
			isa = PBXResourcesBuildPhase;
			buildActionMask = 2147483647;
			files = (
			);
			runOnlyForDeploymentPostprocessing = 0;
		};
/* End PBXResourcesBuildPhase section */

/* Begin PBXSourcesBuildPhase section */
		3AE8830124FE3A0600A862BE /* Sources */ = {
			isa = PBXSourcesBuildPhase;
			buildActionMask = 2147483647;
			files = (
				3AE8830D24FE3A0600A862BE /* ViewController.swift in Sources */,
				3AE8833524FE3A8300A862BE /* Storable.swift in Sources */,
				3AE8833724FE3A8300A862BE /* Filterable.swift in Sources */,
				3AE8833424FE3A8300A862BE /* Built-in.swift in Sources */,
				3AE8830924FE3A0600A862BE /* AppDelegate.swift in Sources */,
				3AE8833324FE3A8300A862BE /* Log.swift in Sources */,
				3AE8833624FE3A8300A862BE /* Printable.swift in Sources */,
			);
			runOnlyForDeploymentPostprocessing = 0;
		};
		3AE8831724FE3A0B00A862BE /* Sources */ = {
			isa = PBXSourcesBuildPhase;
			buildActionMask = 2147483647;
			files = (
				3AE8832024FE3A0B00A862BE /* RaLogTests.swift in Sources */,
			);
			runOnlyForDeploymentPostprocessing = 0;
		};
/* End PBXSourcesBuildPhase section */

/* Begin PBXTargetDependency section */
		3AE8831D24FE3A0B00A862BE /* PBXTargetDependency */ = {
			isa = PBXTargetDependency;
			target = 3AE8830424FE3A0600A862BE /* RaLog */;
			targetProxy = 3AE8831C24FE3A0B00A862BE /* PBXContainerItemProxy */;
		};
/* End PBXTargetDependency section */

/* Begin PBXVariantGroup section */
		3AE8830E24FE3A0600A862BE /* Main.storyboard */ = {
			isa = PBXVariantGroup;
			children = (
				3AE8830F24FE3A0600A862BE /* Base */,
			);
			name = Main.storyboard;
			sourceTree = "<group>";
		};
		3AE8831324FE3A0B00A862BE /* LaunchScreen.storyboard */ = {
			isa = PBXVariantGroup;
			children = (
				3AE8831424FE3A0B00A862BE /* Base */,
			);
			name = LaunchScreen.storyboard;
			sourceTree = "<group>";
		};
/* End PBXVariantGroup section */

/* Begin XCBuildConfiguration section */
		3AE8832224FE3A0B00A862BE /* Debug */ = {
			isa = XCBuildConfiguration;
			buildSettings = {
				ALWAYS_SEARCH_USER_PATHS = NO;
				CLANG_ANALYZER_NONNULL = YES;
				CLANG_ANALYZER_NUMBER_OBJECT_CONVERSION = YES_AGGRESSIVE;
				CLANG_CXX_LANGUAGE_STANDARD = "gnu++14";
				CLANG_CXX_LIBRARY = "libc++";
				CLANG_ENABLE_MODULES = YES;
				CLANG_ENABLE_OBJC_ARC = YES;
				CLANG_ENABLE_OBJC_WEAK = YES;
				CLANG_WARN_BLOCK_CAPTURE_AUTORELEASING = YES;
				CLANG_WARN_BOOL_CONVERSION = YES;
				CLANG_WARN_COMMA = YES;
				CLANG_WARN_CONSTANT_CONVERSION = YES;
				CLANG_WARN_DEPRECATED_OBJC_IMPLEMENTATIONS = YES;
				CLANG_WARN_DIRECT_OBJC_ISA_USAGE = YES_ERROR;
				CLANG_WARN_DOCUMENTATION_COMMENTS = YES;
				CLANG_WARN_EMPTY_BODY = YES;
				CLANG_WARN_ENUM_CONVERSION = YES;
				CLANG_WARN_INFINITE_RECURSION = YES;
				CLANG_WARN_INT_CONVERSION = YES;
				CLANG_WARN_NON_LITERAL_NULL_CONVERSION = YES;
				CLANG_WARN_OBJC_IMPLICIT_RETAIN_SELF = YES;
				CLANG_WARN_OBJC_LITERAL_CONVERSION = YES;
				CLANG_WARN_OBJC_ROOT_CLASS = YES_ERROR;
				CLANG_WARN_RANGE_LOOP_ANALYSIS = YES;
				CLANG_WARN_STRICT_PROTOTYPES = YES;
				CLANG_WARN_SUSPICIOUS_MOVE = YES;
				CLANG_WARN_UNGUARDED_AVAILABILITY = YES_AGGRESSIVE;
				CLANG_WARN_UNREACHABLE_CODE = YES;
				CLANG_WARN__DUPLICATE_METHOD_MATCH = YES;
				COPY_PHASE_STRIP = NO;
				DEBUG_INFORMATION_FORMAT = dwarf;
				ENABLE_STRICT_OBJC_MSGSEND = YES;
				ENABLE_TESTABILITY = YES;
				GCC_C_LANGUAGE_STANDARD = gnu11;
				GCC_DYNAMIC_NO_PIC = NO;
				GCC_NO_COMMON_BLOCKS = YES;
				GCC_OPTIMIZATION_LEVEL = 0;
				GCC_PREPROCESSOR_DEFINITIONS = (
					"DEBUG=1",
					"$(inherited)",
				);
				GCC_WARN_64_TO_32_BIT_CONVERSION = YES;
				GCC_WARN_ABOUT_RETURN_TYPE = YES_ERROR;
				GCC_WARN_UNDECLARED_SELECTOR = YES;
				GCC_WARN_UNINITIALIZED_AUTOS = YES_AGGRESSIVE;
				GCC_WARN_UNUSED_FUNCTION = YES;
				GCC_WARN_UNUSED_VARIABLE = YES;
				IPHONEOS_DEPLOYMENT_TARGET = 9.0;
				MTL_ENABLE_DEBUG_INFO = INCLUDE_SOURCE;
				MTL_FAST_MATH = YES;
				ONLY_ACTIVE_ARCH = YES;
				SDKROOT = iphoneos;
				SWIFT_ACTIVE_COMPILATION_CONDITIONS = DEBUG;
				SWIFT_OPTIMIZATION_LEVEL = "-Onone";
			};
			name = Debug;
		};
		3AE8832324FE3A0B00A862BE /* Release */ = {
			isa = XCBuildConfiguration;
			buildSettings = {
				ALWAYS_SEARCH_USER_PATHS = NO;
				CLANG_ANALYZER_NONNULL = YES;
				CLANG_ANALYZER_NUMBER_OBJECT_CONVERSION = YES_AGGRESSIVE;
				CLANG_CXX_LANGUAGE_STANDARD = "gnu++14";
				CLANG_CXX_LIBRARY = "libc++";
				CLANG_ENABLE_MODULES = YES;
				CLANG_ENABLE_OBJC_ARC = YES;
				CLANG_ENABLE_OBJC_WEAK = YES;
				CLANG_WARN_BLOCK_CAPTURE_AUTORELEASING = YES;
				CLANG_WARN_BOOL_CONVERSION = YES;
				CLANG_WARN_COMMA = YES;
				CLANG_WARN_CONSTANT_CONVERSION = YES;
				CLANG_WARN_DEPRECATED_OBJC_IMPLEMENTATIONS = YES;
				CLANG_WARN_DIRECT_OBJC_ISA_USAGE = YES_ERROR;
				CLANG_WARN_DOCUMENTATION_COMMENTS = YES;
				CLANG_WARN_EMPTY_BODY = YES;
				CLANG_WARN_ENUM_CONVERSION = YES;
				CLANG_WARN_INFINITE_RECURSION = YES;
				CLANG_WARN_INT_CONVERSION = YES;
				CLANG_WARN_NON_LITERAL_NULL_CONVERSION = YES;
				CLANG_WARN_OBJC_IMPLICIT_RETAIN_SELF = YES;
				CLANG_WARN_OBJC_LITERAL_CONVERSION = YES;
				CLANG_WARN_OBJC_ROOT_CLASS = YES_ERROR;
				CLANG_WARN_RANGE_LOOP_ANALYSIS = YES;
				CLANG_WARN_STRICT_PROTOTYPES = YES;
				CLANG_WARN_SUSPICIOUS_MOVE = YES;
				CLANG_WARN_UNGUARDED_AVAILABILITY = YES_AGGRESSIVE;
				CLANG_WARN_UNREACHABLE_CODE = YES;
				CLANG_WARN__DUPLICATE_METHOD_MATCH = YES;
				COPY_PHASE_STRIP = NO;
				DEBUG_INFORMATION_FORMAT = "dwarf-with-dsym";
				ENABLE_NS_ASSERTIONS = NO;
				ENABLE_STRICT_OBJC_MSGSEND = YES;
				GCC_C_LANGUAGE_STANDARD = gnu11;
				GCC_NO_COMMON_BLOCKS = YES;
				GCC_WARN_64_TO_32_BIT_CONVERSION = YES;
				GCC_WARN_ABOUT_RETURN_TYPE = YES_ERROR;
				GCC_WARN_UNDECLARED_SELECTOR = YES;
				GCC_WARN_UNINITIALIZED_AUTOS = YES_AGGRESSIVE;
				GCC_WARN_UNUSED_FUNCTION = YES;
				GCC_WARN_UNUSED_VARIABLE = YES;
				IPHONEOS_DEPLOYMENT_TARGET = 9.0;
				MTL_ENABLE_DEBUG_INFO = NO;
				MTL_FAST_MATH = YES;
				SDKROOT = iphoneos;
				SWIFT_COMPILATION_MODE = wholemodule;
				SWIFT_OPTIMIZATION_LEVEL = "-O";
				VALIDATE_PRODUCT = YES;
			};
			name = Release;
		};
		3AE8832524FE3A0B00A862BE /* Debug */ = {
			isa = XCBuildConfiguration;
			buildSettings = {
				ASSETCATALOG_COMPILER_APPICON_NAME = AppIcon;
				CODE_SIGN_STYLE = Automatic;
				DEVELOPMENT_TEAM = 5Q8TLD2828;
				INFOPLIST_FILE = "$(SRCROOT)/RaLog/Other/Info.plist";
				IPHONEOS_DEPLOYMENT_TARGET = 9.0;
				LD_RUNPATH_SEARCH_PATHS = (
					"$(inherited)",
					"@executable_path/Frameworks",
				);
				PRODUCT_BUNDLE_IDENTIFIER = com.rakuyo.RaLog;
				PRODUCT_NAME = "$(TARGET_NAME)";
				SWIFT_VERSION = 5.0;
				TARGETED_DEVICE_FAMILY = "1,2";
			};
			name = Debug;
		};
		3AE8832624FE3A0B00A862BE /* Release */ = {
			isa = XCBuildConfiguration;
			buildSettings = {
				ASSETCATALOG_COMPILER_APPICON_NAME = AppIcon;
				CODE_SIGN_STYLE = Automatic;
				DEVELOPMENT_TEAM = 5Q8TLD2828;
				INFOPLIST_FILE = "$(SRCROOT)/RaLog/Other/Info.plist";
				IPHONEOS_DEPLOYMENT_TARGET = 9.0;
				LD_RUNPATH_SEARCH_PATHS = (
					"$(inherited)",
					"@executable_path/Frameworks",
				);
				PRODUCT_BUNDLE_IDENTIFIER = com.rakuyo.RaLog;
				PRODUCT_NAME = "$(TARGET_NAME)";
				SWIFT_VERSION = 5.0;
				TARGETED_DEVICE_FAMILY = "1,2";
			};
			name = Release;
		};
		3AE8832824FE3A0B00A862BE /* Debug */ = {
			isa = XCBuildConfiguration;
			buildSettings = {
				ALWAYS_EMBED_SWIFT_STANDARD_LIBRARIES = YES;
				BUNDLE_LOADER = "$(TEST_HOST)";
				CODE_SIGN_STYLE = Automatic;
				DEVELOPMENT_TEAM = 5Q8TLD2828;
				INFOPLIST_FILE = RaLogTests/Info.plist;
				IPHONEOS_DEPLOYMENT_TARGET = 9.0;
				LD_RUNPATH_SEARCH_PATHS = (
					"$(inherited)",
					"@executable_path/Frameworks",
					"@loader_path/Frameworks",
				);
				PRODUCT_BUNDLE_IDENTIFIER = com.rakuyo.RaLogTests;
				PRODUCT_NAME = "$(TARGET_NAME)";
				SWIFT_VERSION = 5.0;
				TARGETED_DEVICE_FAMILY = "1,2";
				TEST_HOST = "$(BUILT_PRODUCTS_DIR)/RaLog.app/RaLog";
			};
			name = Debug;
		};
		3AE8832924FE3A0B00A862BE /* Release */ = {
			isa = XCBuildConfiguration;
			buildSettings = {
				ALWAYS_EMBED_SWIFT_STANDARD_LIBRARIES = YES;
				BUNDLE_LOADER = "$(TEST_HOST)";
				CODE_SIGN_STYLE = Automatic;
				DEVELOPMENT_TEAM = 5Q8TLD2828;
				INFOPLIST_FILE = RaLogTests/Info.plist;
				IPHONEOS_DEPLOYMENT_TARGET = 9.0;
				LD_RUNPATH_SEARCH_PATHS = (
					"$(inherited)",
					"@executable_path/Frameworks",
					"@loader_path/Frameworks",
				);
				PRODUCT_BUNDLE_IDENTIFIER = com.rakuyo.RaLogTests;
				PRODUCT_NAME = "$(TARGET_NAME)";
				SWIFT_VERSION = 5.0;
				TARGETED_DEVICE_FAMILY = "1,2";
				TEST_HOST = "$(BUILT_PRODUCTS_DIR)/RaLog.app/RaLog";
			};
			name = Release;
		};
/* End XCBuildConfiguration section */

/* Begin XCConfigurationList section */
		3AE8830024FE3A0600A862BE /* Build configuration list for PBXProject "RaLog" */ = {
			isa = XCConfigurationList;
			buildConfigurations = (
				3AE8832224FE3A0B00A862BE /* Debug */,
				3AE8832324FE3A0B00A862BE /* Release */,
			);
			defaultConfigurationIsVisible = 0;
			defaultConfigurationName = Release;
		};
		3AE8832424FE3A0B00A862BE /* Build configuration list for PBXNativeTarget "RaLog" */ = {
			isa = XCConfigurationList;
			buildConfigurations = (
				3AE8832524FE3A0B00A862BE /* Debug */,
				3AE8832624FE3A0B00A862BE /* Release */,
			);
			defaultConfigurationIsVisible = 0;
			defaultConfigurationName = Release;
		};
		3AE8832724FE3A0B00A862BE /* Build configuration list for PBXNativeTarget "RaLogTests" */ = {
			isa = XCConfigurationList;
			buildConfigurations = (
				3AE8832824FE3A0B00A862BE /* Debug */,
				3AE8832924FE3A0B00A862BE /* Release */,
			);
			defaultConfigurationIsVisible = 0;
			defaultConfigurationName = Release;
		};
/* End XCConfigurationList section */
	};
	rootObject = 3AE882FD24FE3A0600A862BE /* Project object */;
}
