PODS:
  - RaLog (1.2.2)
  - SnapKit (5.0.1)
  - Then (2.7.0)

DEPENDENCIES:
  - RaLog (from `..`)
  - SnapKit
  - Then

SPEC REPOS:
  trunk:
    - SnapKit
    - Then

EXTERNAL SOURCES:
  RaLog:
    :path: ".."

SPEC CHECKSUMS:
  RaLog: 82e40a8dd2a2bb119fcc217a65fd6cfaa1fb3999
  SnapKit: 97b92857e3df3a0c71833cce143274bf6ef8e5eb
  Then: acfe0be7e98221c6204e12f8161459606d5d822d

PODFILE CHECKSUM: de6e9da6966576a8b1ef1290f6e367cfe6602c29

COCOAPODS: 1.10.0
