// !$*UTF8*$!
{
	archiveVersion = 1;
	classes = {
	};
	objectVersion = 50;
	objects = {

/* Begin PBXBuildFile section */
		3AF919B122FD263500D063BD /* AppDelegate.swift in Sources */ = {isa = PBXBuildFile; fileRef = 3AF919B022FD263500D063BD /* AppDelegate.swift */; };
		3AF919B322FD263500D063BD /* ViewController.swift in Sources */ = {isa = PBXBuildFile; fileRef = 3AF919B222FD263500D063BD /* ViewController.swift */; };
		3AF919C622FD263600D063BD /* Tests.swift in Sources */ = {isa = PBXBuildFile; fileRef = 3AF919C522FD263600D063BD /* Tests.swift */; };
		3AF91CD822FD5C2700D063BD /* push.sh in Resources */ = {isa = PBXBuildFile; fileRef = 3AF91CD722FD5C2700D063BD /* push.sh */; };
		3AF91CDA22FD5C5200D063BD /* Interface.swift in Sources */ = {isa = PBXBuildFile; fileRef = 3AF91CD922FD5C5200D063BD /* Interface.swift */; };
		3AFBFE442372BAB80032133D /* RaLogRouter.podspec in Resources */ = {isa = PBXBuildFile; fileRef = 3AFBFE432372BAB80032133D /* RaLogRouter.podspec */; };
		3AFBFE462372BACC0032133D /* Param.swift in Sources */ = {isa = PBXBuildFile; fileRef = 3AFBFE452372BACC0032133D /* Param.swift */; };
		8CFBD47432EF55D84C4D3A0D /* Pods_RaLogRouter.framework in Frameworks */ = {isa = PBXBuildFile; fileRef = F6B2A8982ED994B73E3FD3DE /* Pods_RaLogRouter.framework */; };
/* End PBXBuildFile section */

/* Begin PBXContainerItemProxy section */
		3AF919C222FD263600D063BD /* PBXContainerItemProxy */ = {
			isa = PBXContainerItemProxy;
			containerPortal = 3AF919A522FD263500D063BD /* Project object */;
			proxyType = 1;
			remoteGlobalIDString = 3AF919AC22FD263500D063BD;
			remoteInfo = RaLogRouter;
		};
/* End PBXContainerItemProxy section */

/* Begin PBXFileReference section */
		3AF919AD22FD263500D063BD /* RaLogRouter.app */ = {isa = PBXFileReference; explicitFileType = wrapper.application; includeInIndex = 0; path = RaLogRouter.app; sourceTree = BUILT_PRODUCTS_DIR; };
		3AF919B022FD263500D063BD /* AppDelegate.swift */ = {isa = PBXFileReference; lastKnownFileType = sourcecode.swift; path = AppDelegate.swift; sourceTree = "<group>"; };
		3AF919B222FD263500D063BD /* ViewController.swift */ = {isa = PBXFileReference; lastKnownFileType = sourcecode.swift; path = ViewController.swift; sourceTree = "<group>"; };
		3AF919BC22FD263600D063BD /* Info.plist */ = {isa = PBXFileReference; lastKnownFileType = text.plist.xml; path = Info.plist; sourceTree = "<group>"; };
		3AF919C122FD263600D063BD /* RaLogRouterTests.xctest */ = {isa = PBXFileReference; explicitFileType = wrapper.cfbundle; includeInIndex = 0; path = RaLogRouterTests.xctest; sourceTree = BUILT_PRODUCTS_DIR; };
		3AF919C522FD263600D063BD /* Tests.swift */ = {isa = PBXFileReference; lastKnownFileType = sourcecode.swift; path = Tests.swift; sourceTree = "<group>"; };
		3AF919C722FD263600D063BD /* Info.plist */ = {isa = PBXFileReference; lastKnownFileType = text.plist.xml; path = Info.plist; sourceTree = "<group>"; };
		3AF91CD722FD5C2700D063BD /* push.sh */ = {isa = PBXFileReference; fileEncoding = 4; lastKnownFileType = text.script.sh; path = push.sh; sourceTree = SOURCE_ROOT; };
		3AF91CD922FD5C5200D063BD /* Interface.swift */ = {isa = PBXFileReference; lastKnownFileType = sourcecode.swift; path = Interface.swift; sourceTree = "<group>"; };
		3AFBFE432372BAB80032133D /* RaLogRouter.podspec */ = {isa = PBXFileReference; explicitFileType = text.script.ruby; path = RaLogRouter.podspec; sourceTree = SOURCE_ROOT; };
		3AFBFE452372BACC0032133D /* Param.swift */ = {isa = PBXFileReference; fileEncoding = 4; lastKnownFileType = sourcecode.swift; path = Param.swift; sourceTree = "<group>"; };
		3B00F4A15C32137B0E3A94E7 /* Pods-RaLogRouter.debug.xcconfig */ = {isa = PBXFileReference; includeInIndex = 1; lastKnownFileType = text.xcconfig; name = "Pods-RaLogRouter.debug.xcconfig"; path = "Target Support Files/Pods-RaLogRouter/Pods-RaLogRouter.debug.xcconfig"; sourceTree = "<group>"; };
		9EBC7FC496F3F973E5987DE9 /* Pods-RaLogRouter.release.xcconfig */ = {isa = PBXFileReference; includeInIndex = 1; lastKnownFileType = text.xcconfig; name = "Pods-RaLogRouter.release.xcconfig"; path = "Target Support Files/Pods-RaLogRouter/Pods-RaLogRouter.release.xcconfig"; sourceTree = "<group>"; };
		F6B2A8982ED994B73E3FD3DE /* Pods_RaLogRouter.framework */ = {isa = PBXFileReference; explicitFileType = wrapper.framework; includeInIndex = 0; path = Pods_RaLogRouter.framework; sourceTree = BUILT_PRODUCTS_DIR; };
/* End PBXFileReference section */

/* Begin PBXFrameworksBuildPhase section */
		3AF919AA22FD263500D063BD /* Frameworks */ = {
			isa = PBXFrameworksBuildPhase;
			buildActionMask = 2147483647;
			files = (
				8CFBD47432EF55D84C4D3A0D /* Pods_RaLogRouter.framework in Frameworks */,
			);
			runOnlyForDeploymentPostprocessing = 0;
		};
		3AF919BE22FD263600D063BD /* Frameworks */ = {
			isa = PBXFrameworksBuildPhase;
			buildActionMask = 2147483647;
			files = (
			);
			runOnlyForDeploymentPostprocessing = 0;
		};
/* End PBXFrameworksBuildPhase section */

/* Begin PBXGroup section */
		3AF919A422FD263500D063BD = {
			isa = PBXGroup;
			children = (
				3AF919AF22FD263500D063BD /* RaLogRouter */,
				3AF919C422FD263600D063BD /* RaLogRouterTests */,
				3AF919AE22FD263500D063BD /* Products */,
				FC24028FDD7239D9FDD42AC1 /* Pods */,
				FD6C63672839B0DF94582162 /* Frameworks */,
			);
			sourceTree = "<group>";
		};
		3AF919AE22FD263500D063BD /* Products */ = {
			isa = PBXGroup;
			children = (
				3AF919AD22FD263500D063BD /* RaLogRouter.app */,
				3AF919C122FD263600D063BD /* RaLogRouterTests.xctest */,
			);
			name = Products;
			sourceTree = "<group>";
		};
		3AF919AF22FD263500D063BD /* RaLogRouter */ = {
			isa = PBXGroup;
			children = (
				3AF91CD722FD5C2700D063BD /* push.sh */,
				3AFBFE432372BAB80032133D /* RaLogRouter.podspec */,
				3AF91A0B22FD265A00D063BD /* Router */,
				3AF91A0A22FD264F00D063BD /* Other */,
			);
			path = RaLogRouter;
			sourceTree = "<group>";
		};
		3AF919C422FD263600D063BD /* RaLogRouterTests */ = {
			isa = PBXGroup;
			children = (
				3AF919C522FD263600D063BD /* Tests.swift */,
				3AF919C722FD263600D063BD /* Info.plist */,
			);
			path = RaLogRouterTests;
			sourceTree = "<group>";
		};
		3AF91A0A22FD264F00D063BD /* Other */ = {
			isa = PBXGroup;
			children = (
				3AF919B022FD263500D063BD /* AppDelegate.swift */,
				3AF919B222FD263500D063BD /* ViewController.swift */,
				3AF919BC22FD263600D063BD /* Info.plist */,
			);
			path = Other;
			sourceTree = "<group>";
		};
		3AF91A0B22FD265A00D063BD /* Router */ = {
			isa = PBXGroup;
			children = (
				3AF91CD922FD5C5200D063BD /* Interface.swift */,
				3AFBFE452372BACC0032133D /* Param.swift */,
			);
			path = Router;
			sourceTree = "<group>";
		};
		FC24028FDD7239D9FDD42AC1 /* Pods */ = {
			isa = PBXGroup;
			children = (
				3B00F4A15C32137B0E3A94E7 /* Pods-RaLogRouter.debug.xcconfig */,
				9EBC7FC496F3F973E5987DE9 /* Pods-RaLogRouter.release.xcconfig */,
			);
			name = Pods;
			path = ../Pods;
			sourceTree = "<group>";
		};
		FD6C63672839B0DF94582162 /* Frameworks */ = {
			isa = PBXGroup;
			children = (
				F6B2A8982ED994B73E3FD3DE /* Pods_RaLogRouter.framework */,
			);
			name = Frameworks;
			sourceTree = "<group>";
		};
/* End PBXGroup section */

/* Begin PBXNativeTarget section */
		3AF919AC22FD263500D063BD /* RaLogRouter */ = {
			isa = PBXNativeTarget;
			buildConfigurationList = 3AF919CA22FD263600D063BD /* Build configuration list for PBXNativeTarget "RaLogRouter" */;
			buildPhases = (
				1A0992D9140DE53633629C97 /* [CP] Check Pods Manifest.lock */,
				3AF919A922FD263500D063BD /* Sources */,
				3AF919AA22FD263500D063BD /* Frameworks */,
				3AF919AB22FD263500D063BD /* Resources */,
			);
			buildRules = (
			);
			dependencies = (
			);
			name = RaLogRouter;
			productName = RaLogRouter;
			productReference = 3AF919AD22FD263500D063BD /* RaLogRouter.app */;
			productType = "com.apple.product-type.application";
		};
		3AF919C022FD263600D063BD /* RaLogRouterTests */ = {
			isa = PBXNativeTarget;
			buildConfigurationList = 3AF919CD22FD263600D063BD /* Build configuration list for PBXNativeTarget "RaLogRouterTests" */;
			buildPhases = (
				3AF919BD22FD263600D063BD /* Sources */,
				3AF919BE22FD263600D063BD /* Frameworks */,
				3AF919BF22FD263600D063BD /* Resources */,
			);
			buildRules = (
			);
			dependencies = (
				3AF919C322FD263600D063BD /* PBXTargetDependency */,
			);
			name = RaLogRouterTests;
			productName = RaLogRouterTests;
			productReference = 3AF919C122FD263600D063BD /* RaLogRouterTests.xctest */;
			productType = "com.apple.product-type.bundle.unit-test";
		};
/* End PBXNativeTarget section */

/* Begin PBXProject section */
		3AF919A522FD263500D063BD /* Project object */ = {
			isa = PBXProject;
			attributes = {
				LastSwiftUpdateCheck = 1030;
				LastUpgradeCheck = 1030;
				ORGANIZATIONNAME = Rakuyo;
				TargetAttributes = {
					3AF919AC22FD263500D063BD = {
						CreatedOnToolsVersion = 10.3;
					};
					3AF919C022FD263600D063BD = {
						CreatedOnToolsVersion = 10.3;
						TestTargetID = 3AF919AC22FD263500D063BD;
					};
				};
			};
			buildConfigurationList = 3AF919A822FD263500D063BD /* Build configuration list for PBXProject "RaLogRouter" */;
			compatibilityVersion = "Xcode 9.3";
			developmentRegion = en;
			hasScannedForEncodings = 0;
			knownRegions = (
				en,
				Base,
			);
			mainGroup = 3AF919A422FD263500D063BD;
			productRefGroup = 3AF919AE22FD263500D063BD /* Products */;
			projectDirPath = "";
			projectRoot = "";
			targets = (
				3AF919AC22FD263500D063BD /* RaLogRouter */,
				3AF919C022FD263600D063BD /* RaLogRouterTests */,
			);
		};
/* End PBXProject section */

/* Begin PBXResourcesBuildPhase section */
		3AF919AB22FD263500D063BD /* Resources */ = {
			isa = PBXResourcesBuildPhase;
			buildActionMask = 2147483647;
			files = (
				3AF91CD822FD5C2700D063BD /* push.sh in Resources */,
				3AFBFE442372BAB80032133D /* RaLogRouter.podspec in Resources */,
			);
			runOnlyForDeploymentPostprocessing = 0;
		};
		3AF919BF22FD263600D063BD /* Resources */ = {
			isa = PBXResourcesBuildPhase;
			buildActionMask = 2147483647;
			files = (
			);
			runOnlyForDeploymentPostprocessing = 0;
		};
/* End PBXResourcesBuildPhase section */

/* Begin PBXShellScriptBuildPhase section */
		1A0992D9140DE53633629C97 /* [CP] Check Pods Manifest.lock */ = {
			isa = PBXShellScriptBuildPhase;
			buildActionMask = 2147483647;
			files = (
			);
			inputFileListPaths = (
			);
			inputPaths = (
				"${PODS_PODFILE_DIR_PATH}/Podfile.lock",
				"${PODS_ROOT}/Manifest.lock",
			);
			name = "[CP] Check Pods Manifest.lock";
			outputFileListPaths = (
			);
			outputPaths = (
				"$(DERIVED_FILE_DIR)/Pods-RaLogRouter-checkManifestLockResult.txt",
			);
			runOnlyForDeploymentPostprocessing = 0;
			shellPath = /bin/sh;
			shellScript = "diff \"${PODS_PODFILE_DIR_PATH}/Podfile.lock\" \"${PODS_ROOT}/Manifest.lock\" > /dev/null\nif [ $? != 0 ] ; then\n    # print error to STDERR\n    echo \"error: The sandbox is not in sync with the Podfile.lock. Run 'pod install' or update your CocoaPods installation.\" >&2\n    exit 1\nfi\n# This output is used by Xcode 'outputs' to avoid re-running this script phase.\necho \"SUCCESS\" > \"${SCRIPT_OUTPUT_FILE_0}\"\n";
			showEnvVarsInLog = 0;
		};
/* End PBXShellScriptBuildPhase section */

/* Begin PBXSourcesBuildPhase section */
		3AF919A922FD263500D063BD /* Sources */ = {
			isa = PBXSourcesBuildPhase;
			buildActionMask = 2147483647;
			files = (
				3AF919B322FD263500D063BD /* ViewController.swift in Sources */,
				3AF919B122FD263500D063BD /* AppDelegate.swift in Sources */,
				3AF91CDA22FD5C5200D063BD /* Interface.swift in Sources */,
				3AFBFE462372BACC0032133D /* Param.swift in Sources */,
			);
			runOnlyForDeploymentPostprocessing = 0;
		};
		3AF919BD22FD263600D063BD /* Sources */ = {
			isa = PBXSourcesBuildPhase;
			buildActionMask = 2147483647;
			files = (
				3AF919C622FD263600D063BD /* Tests.swift in Sources */,
			);
			runOnlyForDeploymentPostprocessing = 0;
		};
/* End PBXSourcesBuildPhase section */

/* Begin PBXTargetDependency section */
		3AF919C322FD263600D063BD /* PBXTargetDependency */ = {
			isa = PBXTargetDependency;
			target = 3AF919AC22FD263500D063BD /* RaLogRouter */;
			targetProxy = 3AF919C222FD263600D063BD /* PBXContainerItemProxy */;
		};
/* End PBXTargetDependency section */

/* Begin XCBuildConfiguration section */
		3AF919C822FD263600D063BD /* Debug */ = {
			isa = XCBuildConfiguration;
			buildSettings = {
				ALWAYS_SEARCH_USER_PATHS = NO;
				CLANG_ANALYZER_NONNULL = YES;
				CLANG_ANALYZER_NUMBER_OBJECT_CONVERSION = YES_AGGRESSIVE;
				CLANG_CXX_LANGUAGE_STANDARD = "gnu++14";
				CLANG_CXX_LIBRARY = "libc++";
				CLANG_ENABLE_MODULES = YES;
				CLANG_ENABLE_OBJC_ARC = YES;
				CLANG_ENABLE_OBJC_WEAK = YES;
				CLANG_WARN_BLOCK_CAPTURE_AUTORELEASING = YES;
				CLANG_WARN_BOOL_CONVERSION = YES;
				CLANG_WARN_COMMA = YES;
				CLANG_WARN_CONSTANT_CONVERSION = YES;
				CLANG_WARN_DEPRECATED_OBJC_IMPLEMENTATIONS = YES;
				CLANG_WARN_DIRECT_OBJC_ISA_USAGE = YES_ERROR;
				CLANG_WARN_DOCUMENTATION_COMMENTS = YES;
				CLANG_WARN_EMPTY_BODY = YES;
				CLANG_WARN_ENUM_CONVERSION = YES;
				CLANG_WARN_INFINITE_RECURSION = YES;
				CLANG_WARN_INT_CONVERSION = YES;
				CLANG_WARN_NON_LITERAL_NULL_CONVERSION = YES;
				CLANG_WARN_OBJC_IMPLICIT_RETAIN_SELF = YES;
				CLANG_WARN_OBJC_LITERAL_CONVERSION = YES;
				CLANG_WARN_OBJC_ROOT_CLASS = YES_ERROR;
				CLANG_WARN_RANGE_LOOP_ANALYSIS = YES;
				CLANG_WARN_STRICT_PROTOTYPES = YES;
				CLANG_WARN_SUSPICIOUS_MOVE = YES;
				CLANG_WARN_UNGUARDED_AVAILABILITY = YES_AGGRESSIVE;
				CLANG_WARN_UNREACHABLE_CODE = YES;
				CLANG_WARN__DUPLICATE_METHOD_MATCH = YES;
				CODE_SIGN_IDENTITY = "iPhone Developer";
				COPY_PHASE_STRIP = NO;
				DEBUG_INFORMATION_FORMAT = dwarf;
				ENABLE_STRICT_OBJC_MSGSEND = YES;
				ENABLE_TESTABILITY = YES;
				GCC_C_LANGUAGE_STANDARD = gnu11;
				GCC_DYNAMIC_NO_PIC = NO;
				GCC_NO_COMMON_BLOCKS = YES;
				GCC_OPTIMIZATION_LEVEL = 0;
				GCC_PREPROCESSOR_DEFINITIONS = (
					"DEBUG=1",
					"$(inherited)",
				);
				GCC_WARN_64_TO_32_BIT_CONVERSION = YES;
				GCC_WARN_ABOUT_RETURN_TYPE = YES_ERROR;
				GCC_WARN_UNDECLARED_SELECTOR = YES;
				GCC_WARN_UNINITIALIZED_AUTOS = YES_AGGRESSIVE;
				GCC_WARN_UNUSED_FUNCTION = YES;
				GCC_WARN_UNUSED_VARIABLE = YES;
				IPHONEOS_DEPLOYMENT_TARGET = 12.4;
				MTL_ENABLE_DEBUG_INFO = INCLUDE_SOURCE;
				MTL_FAST_MATH = YES;
				ONLY_ACTIVE_ARCH = YES;
				SDKROOT = iphoneos;
				SWIFT_ACTIVE_COMPILATION_CONDITIONS = DEBUG;
				SWIFT_OPTIMIZATION_LEVEL = "-Onone";
			};
			name = Debug;
		};
		3AF919C922FD263600D063BD /* Release */ = {
			isa = XCBuildConfiguration;
			buildSettings = {
				ALWAYS_SEARCH_USER_PATHS = NO;
				CLANG_ANALYZER_NONNULL = YES;
				CLANG_ANALYZER_NUMBER_OBJECT_CONVERSION = YES_AGGRESSIVE;
				CLANG_CXX_LANGUAGE_STANDARD = "gnu++14";
				CLANG_CXX_LIBRARY = "libc++";
				CLANG_ENABLE_MODULES = YES;
				CLANG_ENABLE_OBJC_ARC = YES;
				CLANG_ENABLE_OBJC_WEAK = YES;
				CLANG_WARN_BLOCK_CAPTURE_AUTORELEASING = YES;
				CLANG_WARN_BOOL_CONVERSION = YES;
				CLANG_WARN_COMMA = YES;
				CLANG_WARN_CONSTANT_CONVERSION = YES;
				CLANG_WARN_DEPRECATED_OBJC_IMPLEMENTATIONS = YES;
				CLANG_WARN_DIRECT_OBJC_ISA_USAGE = YES_ERROR;
				CLANG_WARN_DOCUMENTATION_COMMENTS = YES;
				CLANG_WARN_EMPTY_BODY = YES;
				CLANG_WARN_ENUM_CONVERSION = YES;
				CLANG_WARN_INFINITE_RECURSION = YES;
				CLANG_WARN_INT_CONVERSION = YES;
				CLANG_WARN_NON_LITERAL_NULL_CONVERSION = YES;
				CLANG_WARN_OBJC_IMPLICIT_RETAIN_SELF = YES;
				CLANG_WARN_OBJC_LITERAL_CONVERSION = YES;
				CLANG_WARN_OBJC_ROOT_CLASS = YES_ERROR;
				CLANG_WARN_RANGE_LOOP_ANALYSIS = YES;
				CLANG_WARN_STRICT_PROTOTYPES = YES;
				CLANG_WARN_SUSPICIOUS_MOVE = YES;
				CLANG_WARN_UNGUARDED_AVAILABILITY = YES_AGGRESSIVE;
				CLANG_WARN_UNREACHABLE_CODE = YES;
				CLANG_WARN__DUPLICATE_METHOD_MATCH = YES;
				CODE_SIGN_IDENTITY = "iPhone Developer";
				COPY_PHASE_STRIP = NO;
				DEBUG_INFORMATION_FORMAT = "dwarf-with-dsym";
				ENABLE_NS_ASSERTIONS = NO;
				ENABLE_STRICT_OBJC_MSGSEND = YES;
				GCC_C_LANGUAGE_STANDARD = gnu11;
				GCC_NO_COMMON_BLOCKS = YES;
				GCC_WARN_64_TO_32_BIT_CONVERSION = YES;
				GCC_WARN_ABOUT_RETURN_TYPE = YES_ERROR;
				GCC_WARN_UNDECLARED_SELECTOR = YES;
				GCC_WARN_UNINITIALIZED_AUTOS = YES_AGGRESSIVE;
				GCC_WARN_UNUSED_FUNCTION = YES;
				GCC_WARN_UNUSED_VARIABLE = YES;
				IPHONEOS_DEPLOYMENT_TARGET = 12.4;
				MTL_ENABLE_DEBUG_INFO = NO;
				MTL_FAST_MATH = YES;
				SDKROOT = iphoneos;
				SWIFT_COMPILATION_MODE = wholemodule;
				SWIFT_OPTIMIZATION_LEVEL = "-O";
				VALIDATE_PRODUCT = YES;
			};
			name = Release;
		};
		3AF919CB22FD263600D063BD /* Debug */ = {
			isa = XCBuildConfiguration;
			baseConfigurationReference = 3B00F4A15C32137B0E3A94E7 /* Pods-RaLogRouter.debug.xcconfig */;
			buildSettings = {
				CODE_SIGN_STYLE = Automatic;
				DEVELOPMENT_TEAM = 5Q8TLD2828;
				INFOPLIST_FILE = "$(SRCROOT)/RaLogRouter/Other/Info.plist";
				IPHONEOS_DEPLOYMENT_TARGET = 10.0;
				LD_RUNPATH_SEARCH_PATHS = (
					"$(inherited)",
					"@executable_path/Frameworks",
				);
				PRODUCT_BUNDLE_IDENTIFIER = com.mbcore.RaLogRouter;
				PRODUCT_NAME = "$(TARGET_NAME)";
				SWIFT_VERSION = 5.0;
				TARGETED_DEVICE_FAMILY = "1,2";
			};
			name = Debug;
		};
		3AF919CC22FD263600D063BD /* Release */ = {
			isa = XCBuildConfiguration;
			baseConfigurationReference = 9EBC7FC496F3F973E5987DE9 /* Pods-RaLogRouter.release.xcconfig */;
			buildSettings = {
				CODE_SIGN_STYLE = Automatic;
				DEVELOPMENT_TEAM = 5Q8TLD2828;
				INFOPLIST_FILE = "$(SRCROOT)/RaLogRouter/Other/Info.plist";
				IPHONEOS_DEPLOYMENT_TARGET = 10.0;
				LD_RUNPATH_SEARCH_PATHS = (
					"$(inherited)",
					"@executable_path/Frameworks",
				);
				PRODUCT_BUNDLE_IDENTIFIER = com.mbcore.RaLogRouter;
				PRODUCT_NAME = "$(TARGET_NAME)";
				SWIFT_VERSION = 5.0;
				TARGETED_DEVICE_FAMILY = "1,2";
			};
			name = Release;
		};
		3AF919CE22FD263600D063BD /* Debug */ = {
			isa = XCBuildConfiguration;
			buildSettings = {
				ALWAYS_EMBED_SWIFT_STANDARD_LIBRARIES = YES;
				BUNDLE_LOADER = "$(TEST_HOST)";
				CODE_SIGN_STYLE = Automatic;
				DEVELOPMENT_TEAM = 5Q8TLD2828;
				INFOPLIST_FILE = RaLogRouterTests/Info.plist;
				LD_RUNPATH_SEARCH_PATHS = (
					"$(inherited)",
					"@executable_path/Frameworks",
					"@loader_path/Frameworks",
				);
				PRODUCT_BUNDLE_IDENTIFIER = com.mbcore.RaLogRouterTests;
				PRODUCT_NAME = "$(TARGET_NAME)";
				SWIFT_VERSION = 5.0;
				TARGETED_DEVICE_FAMILY = "1,2";
				TEST_HOST = "$(BUILT_PRODUCTS_DIR)/RaLogRouter.app/RaLogRouter";
			};
			name = Debug;
		};
		3AF919CF22FD263600D063BD /* Release */ = {
			isa = XCBuildConfiguration;
			buildSettings = {
				ALWAYS_EMBED_SWIFT_STANDARD_LIBRARIES = YES;
				BUNDLE_LOADER = "$(TEST_HOST)";
				CODE_SIGN_STYLE = Automatic;
				DEVELOPMENT_TEAM = 5Q8TLD2828;
				INFOPLIST_FILE = RaLogRouterTests/Info.plist;
				LD_RUNPATH_SEARCH_PATHS = (
					"$(inherited)",
					"@executable_path/Frameworks",
					"@loader_path/Frameworks",
				);
				PRODUCT_BUNDLE_IDENTIFIER = com.mbcore.RaLogRouterTests;
				PRODUCT_NAME = "$(TARGET_NAME)";
				SWIFT_VERSION = 5.0;
				TARGETED_DEVICE_FAMILY = "1,2";
				TEST_HOST = "$(BUILT_PRODUCTS_DIR)/RaLogRouter.app/RaLogRouter";
			};
			name = Release;
		};
/* End XCBuildConfiguration section */

/* Begin XCConfigurationList section */
		3AF919A822FD263500D063BD /* Build configuration list for PBXProject "RaLogRouter" */ = {
			isa = XCConfigurationList;
			buildConfigurations = (
				3AF919C822FD263600D063BD /* Debug */,
				3AF919C922FD263600D063BD /* Release */,
			);
			defaultConfigurationIsVisible = 0;
			defaultConfigurationName = Release;
		};
		3AF919CA22FD263600D063BD /* Build configuration list for PBXNativeTarget "RaLogRouter" */ = {
			isa = XCConfigurationList;
			buildConfigurations = (
				3AF919CB22FD263600D063BD /* Debug */,
				3AF919CC22FD263600D063BD /* Release */,
			);
			defaultConfigurationIsVisible = 0;
			defaultConfigurationName = Release;
		};
		3AF919CD22FD263600D063BD /* Build configuration list for PBXNativeTarget "RaLogRouterTests" */ = {
			isa = XCConfigurationList;
			buildConfigurations = (
				3AF919CE22FD263600D063BD /* Debug */,
				3AF919CF22FD263600D063BD /* Release */,
			);
			defaultConfigurationIsVisible = 0;
			defaultConfigurationName = Release;
		};
/* End XCConfigurationList section */
	};
	rootObject = 3AF919A522FD263500D063BD /* Project object */;
}
